
Microsoft Visual Studio Solution File, Format Version 12.00
# Visual Studio Version 16
VisualStudioVersion = 16.0.30907.101
MinimumVisualStudioVersion = 10.0.40219.1
Project("{FAE04EC0-301F-11D3-BF4B-00C04F79EFBC}") = "ejercicio G2", "ejercicio G2\ejercicio G2.csproj", "{DC16BD89-A4D8-47E2-8ABA-DAB61D29695E}"
EndProject
Global
	GlobalSection(SolutionConfigurationPlatforms) = preSolution
		Debug|Any CPU = Debug|Any CPU
		Release|Any CPU = Release|Any CPU
	EndGlobalSection
	GlobalSection(ProjectConfigurationPlatforms) = postSolution
		{DC16BD89-A4D8-47E2-8ABA-DAB61D29695E}.Debug|Any CPU.ActiveCfg = Debug|Any CPU
		{DC16BD89-A4D8-47E2-8ABA-DAB61D29695E}.Debug|Any CPU.Build.0 = Debug|Any CPU
		{DC16BD89-A4D8-47E2-8ABA-DAB61D29695E}.Release|Any CPU.ActiveCfg = Release|Any CPU
		{DC16BD89-A4D8-47E2-8ABA-DAB61D29695E}.Release|Any CPU.Build.0 = Release|Any CPU
	EndGlobalSection
	GlobalSection(SolutionProperties) = preSolution
		HideSolutionNode = FALSE
	EndGlobalSection
	GlobalSection(ExtensibilityGlobals) = postSolution
		SolutionGuid = {2F6C483E-AD12-4FAB-91FC-95285DBF2BD2}
	EndGlobalSection
EndGlobal
